
Microsoft Visual Studio Solution File, Format Version 12.00
# Visual Studio Version 17
VisualStudioVersion = 17.9.34616.47
MinimumVisualStudioVersion = 10.0.40219.1
Project("{FAE04EC0-301F-11D3-BF4B-00C04F79EFBC}") = "THE_END_OF_C#", "THE_END_OF_C#\THE_END_OF_C#.csproj", "{31BD28A2-E733-4577-824D-F1720AAE09BA}"
EndProject
Global
	GlobalSection(SolutionConfigurationPlatforms) = preSolution
		Debug|Any CPU = Debug|Any CPU
		Release|Any CPU = Release|Any CPU
	EndGlobalSection
	GlobalSection(ProjectConfigurationPlatforms) = postSolution
		{31BD28A2-E733-4577-824D-F1720AAE09BA}.Debug|Any CPU.ActiveCfg = Debug|Any CPU
		{31BD28A2-E733-4577-824D-F1720AAE09BA}.Debug|Any CPU.Build.0 = Debug|Any CPU
		{31BD28A2-E733-4577-824D-F1720AAE09BA}.Release|Any CPU.ActiveCfg = Release|Any CPU
		{31BD28A2-E733-4577-824D-F1720AAE09BA}.Release|Any CPU.Build.0 = Release|Any CPU
	EndGlobalSection
	GlobalSection(SolutionProperties) = preSolution
		HideSolutionNode = FALSE
	EndGlobalSection
	GlobalSection(ExtensibilityGlobals) = postSolution
		SolutionGuid = {D68C49F3-C771-4CAA-94FC-90001569ACCB}
	EndGlobalSection
EndGlobal
